{
  "name": "components-set",
  "version": "0.0.1",
  "lockfileVersion": 2,
  "requires": true,
  "packages": {
    "": {
      "version": "0.0.1",
      "license": "MIT",
      "dependencies": {
        "@stencil/core": "^2.0.1"
      },
      "devDependencies": {
        "@stencil/angular-output-target": "^0.0.5"
      }
    },
    "node_modules/@stencil/angular-output-target": {
      "version": "0.0.5",
      "resolved": "https://registry.npmjs.org/@stencil/angular-output-target/-/angular-output-target-0.0.5.tgz",
      "integrity": "sha512-00iVf0pMH5NrVc/dUDy6AOEYEwTZ816bXggzNf4gxbhLpX1RAsC+MjC0gs/sJS2gal4gpE4cTVlPCGNy+mtFXg==",
      "dev": true
    },
    "node_modules/@stencil/core": {
      "version": "2.4.0",
      "resolved": "https://registry.npmjs.org/@stencil/core/-/core-2.4.0.tgz",
      "integrity": "sha512-gU6+Yyd6O0KrCSS/O6j8KKqmRo+/Dcs2fI0+APCpbAWK+nqhwDISpdnSEfGDCLMoAC08XOZCycBRk2K1VGnEcg==",
      "bin": {
        "stencil": "bin/stencil"
      },
      "engines": {
        "node": ">=12.10.0",
        "npm": ">=6.0.0"
      }
    }
  },
  "dependencies": {
    "@stencil/angular-output-target": {
      "version": "0.0.5",
      "resolved": "https://registry.npmjs.org/@stencil/angular-output-target/-/angular-output-target-0.0.5.tgz",
      "integrity": "sha512-00iVf0pMH5NrVc/dUDy6AOEYEwTZ816bXggzNf4gxbhLpX1RAsC+MjC0gs/sJS2gal4gpE4cTVlPCGNy+mtFXg==",
      "dev": true
    },
    "@stencil/core": {
      "version": "2.4.0",
      "resolved": "https://registry.npmjs.org/@stencil/core/-/core-2.4.0.tgz",
      "integrity": "sha512-gU6+Yyd6O0KrCSS/O6j8KKqmRo+/Dcs2fI0+APCpbAWK+nqhwDISpdnSEfGDCLMoAC08XOZCycBRk2K1VGnEcg=="
    }
  }
}
